// !$*UTF8*$!
{
	archiveVersion = 1;
	classes = {
	};
	objectVersion = 50;
	objects = {

/* Begin PBXBuildFile section */
		4BA0AEBA2356BBA400DF4786 /* AppDelegate.swift in Sources */ = {isa = PBXBuildFile; fileRef = 4BA0AEB92356BBA400DF4786 /* AppDelegate.swift */; };
		4BA0AEBC2356BBA400DF4786 /* ViewController.swift in Sources */ = {isa = PBXBuildFile; fileRef = 4BA0AEBB2356BBA400DF4786 /* ViewController.swift */; };
		4BA0AEBE2356BBA600DF4786 /* Assets.xcassets in Resources */ = {isa = PBXBuildFile; fileRef = 4BA0AEBD2356BBA600DF4786 /* Assets.xcassets */; };
		4BA0AEC12356BBA600DF4786 /* Main.storyboard in Resources */ = {isa = PBXBuildFile; fileRef = 4BA0AEBF2356BBA600DF4786 /* Main.storyboard */; };
		4BA0AECD2356BBA600DF4786 /* loadfilesTests.swift in Sources */ = {isa = PBXBuildFile; fileRef = 4BA0AECC2356BBA600DF4786 /* loadfilesTests.swift */; };
		4BA0AED82356BBA600DF4786 /* loadfilesUITests.swift in Sources */ = {isa = PBXBuildFile; fileRef = 4BA0AED72356BBA600DF4786 /* loadfilesUITests.swift */; };
/* End PBXBuildFile section */

/* Begin PBXContainerItemProxy section */
		4BA0AEC92356BBA600DF4786 /* PBXContainerItemProxy */ = {
			isa = PBXContainerItemProxy;
			containerPortal = 4BA0AEAE2356BBA400DF4786 /* Project object */;
			proxyType = 1;
			remoteGlobalIDString = 4BA0AEB52356BBA400DF4786;
			remoteInfo = loadfiles;
		};
		4BA0AED42356BBA600DF4786 /* PBXContainerItemProxy */ = {
			isa = PBXContainerItemProxy;
			containerPortal = 4BA0AEAE2356BBA400DF4786 /* Project object */;
			proxyType = 1;
			remoteGlobalIDString = 4BA0AEB52356BBA400DF4786;
			remoteInfo = loadfiles;
		};
/* End PBXContainerItemProxy section */

/* Begin PBXFileReference section */
		4BA0AEB62356BBA400DF4786 /* loadfiles.app */ = {isa = PBXFileReference; explicitFileType = wrapper.application; includeInIndex = 0; path = loadfiles.app; sourceTree = BUILT_PRODUCTS_DIR; };
		4BA0AEB92356BBA400DF4786 /* AppDelegate.swift */ = {isa = PBXFileReference; lastKnownFileType = sourcecode.swift; path = AppDelegate.swift; sourceTree = "<group>"; };
		4BA0AEBB2356BBA400DF4786 /* ViewController.swift */ = {isa = PBXFileReference; lastKnownFileType = sourcecode.swift; path = ViewController.swift; sourceTree = "<group>"; };
		4BA0AEBD2356BBA600DF4786 /* Assets.xcassets */ = {isa = PBXFileReference; lastKnownFileType = folder.assetcatalog; path = Assets.xcassets; sourceTree = "<group>"; };
		4BA0AEC02356BBA600DF4786 /* Base */ = {isa = PBXFileReference; lastKnownFileType = file.storyboard; name = Base; path = Base.lproj/Main.storyboard; sourceTree = "<group>"; };
		4BA0AEC22356BBA600DF4786 /* Info.plist */ = {isa = PBXFileReference; lastKnownFileType = text.plist.xml; path = Info.plist; sourceTree = "<group>"; };
		4BA0AEC32356BBA600DF4786 /* loadfiles.entitlements */ = {isa = PBXFileReference; lastKnownFileType = text.plist.entitlements; path = loadfiles.entitlements; sourceTree = "<group>"; };
		4BA0AEC82356BBA600DF4786 /* loadfilesTests.xctest */ = {isa = PBXFileReference; explicitFileType = wrapper.cfbundle; includeInIndex = 0; path = loadfilesTests.xctest; sourceTree = BUILT_PRODUCTS_DIR; };
		4BA0AECC2356BBA600DF4786 /* loadfilesTests.swift */ = {isa = PBXFileReference; lastKnownFileType = sourcecode.swift; path = loadfilesTests.swift; sourceTree = "<group>"; };
		4BA0AECE2356BBA600DF4786 /* Info.plist */ = {isa = PBXFileReference; lastKnownFileType = text.plist.xml; path = Info.plist; sourceTree = "<group>"; };
		4BA0AED32356BBA600DF4786 /* loadfilesUITests.xctest */ = {isa = PBXFileReference; explicitFileType = wrapper.cfbundle; includeInIndex = 0; path = loadfilesUITests.xctest; sourceTree = BUILT_PRODUCTS_DIR; };
		4BA0AED72356BBA600DF4786 /* loadfilesUITests.swift */ = {isa = PBXFileReference; lastKnownFileType = sourcecode.swift; path = loadfilesUITests.swift; sourceTree = "<group>"; };
		4BA0AED92356BBA600DF4786 /* Info.plist */ = {isa = PBXFileReference; lastKnownFileType = text.plist.xml; path = Info.plist; sourceTree = "<group>"; };
/* End PBXFileReference section */

/* Begin PBXFrameworksBuildPhase section */
		4BA0AEB32356BBA400DF4786 /* Frameworks */ = {
			isa = PBXFrameworksBuildPhase;
			buildActionMask = 2147483647;
			files = (
			);
			runOnlyForDeploymentPostprocessing = 0;
		};
		4BA0AEC52356BBA600DF4786 /* Frameworks */ = {
			isa = PBXFrameworksBuildPhase;
			buildActionMask = 2147483647;
			files = (
			);
			runOnlyForDeploymentPostprocessing = 0;
		};
		4BA0AED02356BBA600DF4786 /* Frameworks */ = {
			isa = PBXFrameworksBuildPhase;
			buildActionMask = 2147483647;
			files = (
			);
			runOnlyForDeploymentPostprocessing = 0;
		};
/* End PBXFrameworksBuildPhase section */

/* Begin PBXGroup section */
		4BA0AEAD2356BBA400DF4786 = {
			isa = PBXGroup;
			children = (
				4BA0AEB82356BBA400DF4786 /* loadfiles */,
				4BA0AECB2356BBA600DF4786 /* loadfilesTests */,
				4BA0AED62356BBA600DF4786 /* loadfilesUITests */,
				4BA0AEB72356BBA400DF4786 /* Products */,
			);
			sourceTree = "<group>";
		};
		4BA0AEB72356BBA400DF4786 /* Products */ = {
			isa = PBXGroup;
			children = (
				4BA0AEB62356BBA400DF4786 /* loadfiles.app */,
				4BA0AEC82356BBA600DF4786 /* loadfilesTests.xctest */,
				4BA0AED32356BBA600DF4786 /* loadfilesUITests.xctest */,
			);
			name = Products;
			sourceTree = "<group>";
		};
		4BA0AEB82356BBA400DF4786 /* loadfiles */ = {
			isa = PBXGroup;
			children = (
				4BA0AEB92356BBA400DF4786 /* AppDelegate.swift */,
				4BA0AEBB2356BBA400DF4786 /* ViewController.swift */,
				4BA0AEBD2356BBA600DF4786 /* Assets.xcassets */,
				4BA0AEBF2356BBA600DF4786 /* Main.storyboard */,
				4BA0AEC22356BBA600DF4786 /* Info.plist */,
				4BA0AEC32356BBA600DF4786 /* loadfiles.entitlements */,
			);
			path = loadfiles;
			sourceTree = "<group>";
		};
		4BA0AECB2356BBA600DF4786 /* loadfilesTests */ = {
			isa = PBXGroup;
			children = (
				4BA0AECC2356BBA600DF4786 /* loadfilesTests.swift */,
				4BA0AECE2356BBA600DF4786 /* Info.plist */,
			);
			path = loadfilesTests;
			sourceTree = "<group>";
		};
		4BA0AED62356BBA600DF4786 /* loadfilesUITests */ = {
			isa = PBXGroup;
			children = (
				4BA0AED72356BBA600DF4786 /* loadfilesUITests.swift */,
				4BA0AED92356BBA600DF4786 /* Info.plist */,
			);
			path = loadfilesUITests;
			sourceTree = "<group>";
		};
/* End PBXGroup section */

/* Begin PBXNativeTarget section */
		4BA0AEB52356BBA400DF4786 /* loadfiles */ = {
			isa = PBXNativeTarget;
			buildConfigurationList = 4BA0AEDC2356BBA600DF4786 /* Build configuration list for PBXNativeTarget "loadfiles" */;
			buildPhases = (
				4BA0AEB22356BBA400DF4786 /* Sources */,
				4BA0AEB32356BBA400DF4786 /* Frameworks */,
				4BA0AEB42356BBA400DF4786 /* Resources */,
			);
			buildRules = (
			);
			dependencies = (
			);
			name = loadfiles;
			productName = loadfiles;
			productReference = 4BA0AEB62356BBA400DF4786 /* loadfiles.app */;
			productType = "com.apple.product-type.application";
		};
		4BA0AEC72356BBA600DF4786 /* loadfilesTests */ = {
			isa = PBXNativeTarget;
			buildConfigurationList = 4BA0AEDF2356BBA600DF4786 /* Build configuration list for PBXNativeTarget "loadfilesTests" */;
			buildPhases = (
				4BA0AEC42356BBA600DF4786 /* Sources */,
				4BA0AEC52356BBA600DF4786 /* Frameworks */,
				4BA0AEC62356BBA600DF4786 /* Resources */,
			);
			buildRules = (
			);
			dependencies = (
				4BA0AECA2356BBA600DF4786 /* PBXTargetDependency */,
			);
			name = loadfilesTests;
			productName = loadfilesTests;
			productReference = 4BA0AEC82356BBA600DF4786 /* loadfilesTests.xctest */;
			productType = "com.apple.product-type.bundle.unit-test";
		};
		4BA0AED22356BBA600DF4786 /* loadfilesUITests */ = {
			isa = PBXNativeTarget;
			buildConfigurationList = 4BA0AEE22356BBA600DF4786 /* Build configuration list for PBXNativeTarget "loadfilesUITests" */;
			buildPhases = (
				4BA0AECF2356BBA600DF4786 /* Sources */,
				4BA0AED02356BBA600DF4786 /* Frameworks */,
				4BA0AED12356BBA600DF4786 /* Resources */,
			);
			buildRules = (
			);
			dependencies = (
				4BA0AED52356BBA600DF4786 /* PBXTargetDependency */,
			);
			name = loadfilesUITests;
			productName = loadfilesUITests;
			productReference = 4BA0AED32356BBA600DF4786 /* loadfilesUITests.xctest */;
			productType = "com.apple.product-type.bundle.ui-testing";
		};
/* End PBXNativeTarget section */

/* Begin PBXProject section */
		4BA0AEAE2356BBA400DF4786 /* Project object */ = {
			isa = PBXProject;
			attributes = {
				LastSwiftUpdateCheck = 1110;
				LastUpgradeCheck = 1110;
				ORGANIZATIONNAME = liyufeng;
				TargetAttributes = {
					4BA0AEB52356BBA400DF4786 = {
						CreatedOnToolsVersion = 11.1;
					};
					4BA0AEC72356BBA600DF4786 = {
						CreatedOnToolsVersion = 11.1;
						TestTargetID = 4BA0AEB52356BBA400DF4786;
					};
					4BA0AED22356BBA600DF4786 = {
						CreatedOnToolsVersion = 11.1;
						TestTargetID = 4BA0AEB52356BBA400DF4786;
					};
				};
			};
			buildConfigurationList = 4BA0AEB12356BBA400DF4786 /* Build configuration list for PBXProject "loadfiles" */;
			compatibilityVersion = "Xcode 9.3";
			developmentRegion = en;
			hasScannedForEncodings = 0;
			knownRegions = (
				en,
				Base,
			);
			mainGroup = 4BA0AEAD2356BBA400DF4786;
			productRefGroup = 4BA0AEB72356BBA400DF4786 /* Products */;
			projectDirPath = "";
			projectRoot = "";
			targets = (
				4BA0AEB52356BBA400DF4786 /* loadfiles */,
				4BA0AEC72356BBA600DF4786 /* loadfilesTests */,
				4BA0AED22356BBA600DF4786 /* loadfilesUITests */,
			);
		};
/* End PBXProject section */

/* Begin PBXResourcesBuildPhase section */
		4BA0AEB42356BBA400DF4786 /* Resources */ = {
			isa = PBXResourcesBuildPhase;
			buildActionMask = 2147483647;
			files = (
				4BA0AEBE2356BBA600DF4786 /* Assets.xcassets in Resources */,
				4BA0AEC12356BBA600DF4786 /* Main.storyboard in Resources */,
			);
			runOnlyForDeploymentPostprocessing = 0;
		};
		4BA0AEC62356BBA600DF4786 /* Resources */ = {
			isa = PBXResourcesBuildPhase;
			buildActionMask = 2147483647;
			files = (
			);
			runOnlyForDeploymentPostprocessing = 0;
		};
		4BA0AED12356BBA600DF4786 /* Resources */ = {
			isa = PBXResourcesBuildPhase;
			buildActionMask = 2147483647;
			files = (
			);
			runOnlyForDeploymentPostprocessing = 0;
		};
/* End PBXResourcesBuildPhase section */

/* Begin PBXSourcesBuildPhase section */
		4BA0AEB22356BBA400DF4786 /* Sources */ = {
			isa = PBXSourcesBuildPhase;
			buildActionMask = 2147483647;
			files = (
				4BA0AEBC2356BBA400DF4786 /* ViewController.swift in Sources */,
				4BA0AEBA2356BBA400DF4786 /* AppDelegate.swift in Sources */,
			);
			runOnlyForDeploymentPostprocessing = 0;
		};
		4BA0AEC42356BBA600DF4786 /* Sources */ = {
			isa = PBXSourcesBuildPhase;
			buildActionMask = 2147483647;
			files = (
				4BA0AECD2356BBA600DF4786 /* loadfilesTests.swift in Sources */,
			);
			runOnlyForDeploymentPostprocessing = 0;
		};
		4BA0AECF2356BBA600DF4786 /* Sources */ = {
			isa = PBXSourcesBuildPhase;
			buildActionMask = 2147483647;
			files = (
				4BA0AED82356BBA600DF4786 /* loadfilesUITests.swift in Sources */,
			);
			runOnlyForDeploymentPostprocessing = 0;
		};
/* End PBXSourcesBuildPhase section */

/* Begin PBXTargetDependency section */
		4BA0AECA2356BBA600DF4786 /* PBXTargetDependency */ = {
			isa = PBXTargetDependency;
			target = 4BA0AEB52356BBA400DF4786 /* loadfiles */;
			targetProxy = 4BA0AEC92356BBA600DF4786 /* PBXContainerItemProxy */;
		};
		4BA0AED52356BBA600DF4786 /* PBXTargetDependency */ = {
			isa = PBXTargetDependency;
			target = 4BA0AEB52356BBA400DF4786 /* loadfiles */;
			targetProxy = 4BA0AED42356BBA600DF4786 /* PBXContainerItemProxy */;
		};
/* End PBXTargetDependency section */

/* Begin PBXVariantGroup section */
		4BA0AEBF2356BBA600DF4786 /* Main.storyboard */ = {
			isa = PBXVariantGroup;
			children = (
				4BA0AEC02356BBA600DF4786 /* Base */,
			);
			name = Main.storyboard;
			sourceTree = "<group>";
		};
/* End PBXVariantGroup section */

/* Begin XCBuildConfiguration section */
		4BA0AEDA2356BBA600DF4786 /* Debug */ = {
			isa = XCBuildConfiguration;
			buildSettings = {
				ALWAYS_SEARCH_USER_PATHS = NO;
				CLANG_ANALYZER_NONNULL = YES;
				CLANG_ANALYZER_NUMBER_OBJECT_CONVERSION = YES_AGGRESSIVE;
				CLANG_CXX_LANGUAGE_STANDARD = "gnu++14";
				CLANG_CXX_LIBRARY = "libc++";
				CLANG_ENABLE_MODULES = YES;
				CLANG_ENABLE_OBJC_ARC = YES;
				CLANG_ENABLE_OBJC_WEAK = YES;
				CLANG_WARN_BLOCK_CAPTURE_AUTORELEASING = YES;
				CLANG_WARN_BOOL_CONVERSION = YES;
				CLANG_WARN_COMMA = YES;
				CLANG_WARN_CONSTANT_CONVERSION = YES;
				CLANG_WARN_DEPRECATED_OBJC_IMPLEMENTATIONS = YES;
				CLANG_WARN_DIRECT_OBJC_ISA_USAGE = YES_ERROR;
				CLANG_WARN_DOCUMENTATION_COMMENTS = YES;
				CLANG_WARN_EMPTY_BODY = YES;
				CLANG_WARN_ENUM_CONVERSION = YES;
				CLANG_WARN_INFINITE_RECURSION = YES;
				CLANG_WARN_INT_CONVERSION = YES;
				CLANG_WARN_NON_LITERAL_NULL_CONVERSION = YES;
				CLANG_WARN_OBJC_IMPLICIT_RETAIN_SELF = YES;
				CLANG_WARN_OBJC_LITERAL_CONVERSION = YES;
				CLANG_WARN_OBJC_ROOT_CLASS = YES_ERROR;
				CLANG_WARN_RANGE_LOOP_ANALYSIS = YES;
				CLANG_WARN_STRICT_PROTOTYPES = YES;
				CLANG_WARN_SUSPICIOUS_MOVE = YES;
				CLANG_WARN_UNGUARDED_AVAILABILITY = YES_AGGRESSIVE;
				CLANG_WARN_UNREACHABLE_CODE = YES;
				CLANG_WARN__DUPLICATE_METHOD_MATCH = YES;
				COPY_PHASE_STRIP = NO;
				DEBUG_INFORMATION_FORMAT = dwarf;
				ENABLE_STRICT_OBJC_MSGSEND = YES;
				ENABLE_TESTABILITY = YES;
				GCC_C_LANGUAGE_STANDARD = gnu11;
				GCC_DYNAMIC_NO_PIC = NO;
				GCC_NO_COMMON_BLOCKS = YES;
				GCC_OPTIMIZATION_LEVEL = 0;
				GCC_PREPROCESSOR_DEFINITIONS = (
					"DEBUG=1",
					"$(inherited)",
				);
				GCC_WARN_64_TO_32_BIT_CONVERSION = YES;
				GCC_WARN_ABOUT_RETURN_TYPE = YES_ERROR;
				GCC_WARN_UNDECLARED_SELECTOR = YES;
				GCC_WARN_UNINITIALIZED_AUTOS = YES_AGGRESSIVE;
				GCC_WARN_UNUSED_FUNCTION = YES;
				GCC_WARN_UNUSED_VARIABLE = YES;
				MACOSX_DEPLOYMENT_TARGET = 10.14;
				MTL_ENABLE_DEBUG_INFO = INCLUDE_SOURCE;
				MTL_FAST_MATH = YES;
				ONLY_ACTIVE_ARCH = YES;
				SDKROOT = macosx;
				SWIFT_ACTIVE_COMPILATION_CONDITIONS = DEBUG;
				SWIFT_OPTIMIZATION_LEVEL = "-Onone";
			};
			name = Debug;
		};
		4BA0AEDB2356BBA600DF4786 /* Release */ = {
			isa = XCBuildConfiguration;
			buildSettings = {
				ALWAYS_SEARCH_USER_PATHS = NO;
				CLANG_ANALYZER_NONNULL = YES;
				CLANG_ANALYZER_NUMBER_OBJECT_CONVERSION = YES_AGGRESSIVE;
				CLANG_CXX_LANGUAGE_STANDARD = "gnu++14";
				CLANG_CXX_LIBRARY = "libc++";
				CLANG_ENABLE_MODULES = YES;
				CLANG_ENABLE_OBJC_ARC = YES;
				CLANG_ENABLE_OBJC_WEAK = YES;
				CLANG_WARN_BLOCK_CAPTURE_AUTORELEASING = YES;
				CLANG_WARN_BOOL_CONVERSION = YES;
				CLANG_WARN_COMMA = YES;
				CLANG_WARN_CONSTANT_CONVERSION = YES;
				CLANG_WARN_DEPRECATED_OBJC_IMPLEMENTATIONS = YES;
				CLANG_WARN_DIRECT_OBJC_ISA_USAGE = YES_ERROR;
				CLANG_WARN_DOCUMENTATION_COMMENTS = YES;
				CLANG_WARN_EMPTY_BODY = YES;
				CLANG_WARN_ENUM_CONVERSION = YES;
				CLANG_WARN_INFINITE_RECURSION = YES;
				CLANG_WARN_INT_CONVERSION = YES;
				CLANG_WARN_NON_LITERAL_NULL_CONVERSION = YES;
				CLANG_WARN_OBJC_IMPLICIT_RETAIN_SELF = YES;
				CLANG_WARN_OBJC_LITERAL_CONVERSION = YES;
				CLANG_WARN_OBJC_ROOT_CLASS = YES_ERROR;
				CLANG_WARN_RANGE_LOOP_ANALYSIS = YES;
				CLANG_WARN_STRICT_PROTOTYPES = YES;
				CLANG_WARN_SUSPICIOUS_MOVE = YES;
				CLANG_WARN_UNGUARDED_AVAILABILITY = YES_AGGRESSIVE;
				CLANG_WARN_UNREACHABLE_CODE = YES;
				CLANG_WARN__DUPLICATE_METHOD_MATCH = YES;
				COPY_PHASE_STRIP = NO;
				DEBUG_INFORMATION_FORMAT = "dwarf-with-dsym";
				ENABLE_NS_ASSERTIONS = NO;
				ENABLE_STRICT_OBJC_MSGSEND = YES;
				GCC_C_LANGUAGE_STANDARD = gnu11;
				GCC_NO_COMMON_BLOCKS = YES;
				GCC_WARN_64_TO_32_BIT_CONVERSION = YES;
				GCC_WARN_ABOUT_RETURN_TYPE = YES_ERROR;
				GCC_WARN_UNDECLARED_SELECTOR = YES;
				GCC_WARN_UNINITIALIZED_AUTOS = YES_AGGRESSIVE;
				GCC_WARN_UNUSED_FUNCTION = YES;
				GCC_WARN_UNUSED_VARIABLE = YES;
				MACOSX_DEPLOYMENT_TARGET = 10.14;
				MTL_ENABLE_DEBUG_INFO = NO;
				MTL_FAST_MATH = YES;
				SDKROOT = macosx;
				SWIFT_COMPILATION_MODE = wholemodule;
				SWIFT_OPTIMIZATION_LEVEL = "-O";
			};
			name = Release;
		};
		4BA0AEDD2356BBA600DF4786 /* Debug */ = {
			isa = XCBuildConfiguration;
			buildSettings = {
				ASSETCATALOG_COMPILER_APPICON_NAME = AppIcon;
				CODE_SIGN_ENTITLEMENTS = loadfiles/loadfiles.entitlements;
				CODE_SIGN_STYLE = Automatic;
				COMBINE_HIDPI_IMAGES = YES;
				DEVELOPMENT_TEAM = 3F685LX6UR;
				ENABLE_HARDENED_RUNTIME = YES;
				INFOPLIST_FILE = loadfiles/Info.plist;
				LD_RUNPATH_SEARCH_PATHS = (
					"$(inherited)",
					"@executable_path/../Frameworks",
				);
				PRODUCT_BUNDLE_IDENTIFIER = com.appstore.loadfiles;
				PRODUCT_NAME = "$(TARGET_NAME)";
				SWIFT_VERSION = 5.0;
			};
			name = Debug;
		};
		4BA0AEDE2356BBA600DF4786 /* Release */ = {
			isa = XCBuildConfiguration;
			buildSettings = {
				ASSETCATALOG_COMPILER_APPICON_NAME = AppIcon;
				CODE_SIGN_ENTITLEMENTS = loadfiles/loadfiles.entitlements;
				CODE_SIGN_STYLE = Automatic;
				COMBINE_HIDPI_IMAGES = YES;
				DEVELOPMENT_TEAM = 3F685LX6UR;
				ENABLE_HARDENED_RUNTIME = YES;
				INFOPLIST_FILE = loadfiles/Info.plist;
				LD_RUNPATH_SEARCH_PATHS = (
					"$(inherited)",
					"@executable_path/../Frameworks",
				);
				PRODUCT_BUNDLE_IDENTIFIER = com.appstore.loadfiles;
				PRODUCT_NAME = "$(TARGET_NAME)";
				SWIFT_VERSION = 5.0;
			};
			name = Release;
		};
		4BA0AEE02356BBA600DF4786 /* Debug */ = {
			isa = XCBuildConfiguration;
			buildSettings = {
				ALWAYS_EMBED_SWIFT_STANDARD_LIBRARIES = YES;
				BUNDLE_LOADER = "$(TEST_HOST)";
				CODE_SIGN_STYLE = Automatic;
				COMBINE_HIDPI_IMAGES = YES;
				DEVELOPMENT_TEAM = 3F685LX6UR;
				INFOPLIST_FILE = loadfilesTests/Info.plist;
				LD_RUNPATH_SEARCH_PATHS = (
					"$(inherited)",
					"@executable_path/../Frameworks",
					"@loader_path/../Frameworks",
				);
				MACOSX_DEPLOYMENT_TARGET = 10.14;
				PRODUCT_BUNDLE_IDENTIFIER = com.appstore.loadfilesTests;
				PRODUCT_NAME = "$(TARGET_NAME)";
				SWIFT_VERSION = 5.0;
				TEST_HOST = "$(BUILT_PRODUCTS_DIR)/loadfiles.app/Contents/MacOS/loadfiles";
			};
			name = Debug;
		};
		4BA0AEE12356BBA600DF4786 /* Release */ = {
			isa = XCBuildConfiguration;
			buildSettings = {
				ALWAYS_EMBED_SWIFT_STANDARD_LIBRARIES = YES;
				BUNDLE_LOADER = "$(TEST_HOST)";
				CODE_SIGN_STYLE = Automatic;
				COMBINE_HIDPI_IMAGES = YES;
				DEVELOPMENT_TEAM = 3F685LX6UR;
				INFOPLIST_FILE = loadfilesTests/Info.plist;
				LD_RUNPATH_SEARCH_PATHS = (
					"$(inherited)",
					"@executable_path/../Frameworks",
					"@loader_path/../Frameworks",
				);
				MACOSX_DEPLOYMENT_TARGET = 10.14;
				PRODUCT_BUNDLE_IDENTIFIER = com.appstore.loadfilesTests;
				PRODUCT_NAME = "$(TARGET_NAME)";
				SWIFT_VERSION = 5.0;
				TEST_HOST = "$(BUILT_PRODUCTS_DIR)/loadfiles.app/Contents/MacOS/loadfiles";
			};
			name = Release;
		};
		4BA0AEE32356BBA600DF4786 /* Debug */ = {
			isa = XCBuildConfiguration;
			buildSettings = {
				ALWAYS_EMBED_SWIFT_STANDARD_LIBRARIES = YES;
				CODE_SIGN_STYLE = Automatic;
				COMBINE_HIDPI_IMAGES = YES;
				DEVELOPMENT_TEAM = 3F685LX6UR;
				INFOPLIST_FILE = loadfilesUITests/Info.plist;
				LD_RUNPATH_SEARCH_PATHS = (
					"$(inherited)",
					"@executable_path/../Frameworks",
					"@loader_path/../Frameworks",
				);
				PRODUCT_BUNDLE_IDENTIFIER = com.appstore.loadfilesUITests;
				PRODUCT_NAME = "$(TARGET_NAME)";
				SWIFT_VERSION = 5.0;
				TEST_TARGET_NAME = loadfiles;
			};
			name = Debug;
		};
		4BA0AEE42356BBA600DF4786 /* Release */ = {
			isa = XCBuildConfiguration;
			buildSettings = {
				ALWAYS_EMBED_SWIFT_STANDARD_LIBRARIES = YES;
				CODE_SIGN_STYLE = Automatic;
				COMBINE_HIDPI_IMAGES = YES;
				DEVELOPMENT_TEAM = 3F685LX6UR;
				INFOPLIST_FILE = loadfilesUITests/Info.plist;
				LD_RUNPATH_SEARCH_PATHS = (
					"$(inherited)",
					"@executable_path/../Frameworks",
					"@loader_path/../Frameworks",
				);
				PRODUCT_BUNDLE_IDENTIFIER = com.appstore.loadfilesUITests;
				PRODUCT_NAME = "$(TARGET_NAME)";
				SWIFT_VERSION = 5.0;
				TEST_TARGET_NAME = loadfiles;
			};
			name = Release;
		};
/* End XCBuildConfiguration section */

/* Begin XCConfigurationList section */
		4BA0AEB12356BBA400DF4786 /* Build configuration list for PBXProject "loadfiles" */ = {
			isa = XCConfigurationList;
			buildConfigurations = (
				4BA0AEDA2356BBA600DF4786 /* Debug */,
				4BA0AEDB2356BBA600DF4786 /* Release */,
			);
			defaultConfigurationIsVisible = 0;
			defaultConfigurationName = Release;
		};
		4BA0AEDC2356BBA600DF4786 /* Build configuration list for PBXNativeTarget "loadfiles" */ = {
			isa = XCConfigurationList;
			buildConfigurations = (
				4BA0AEDD2356BBA600DF4786 /* Debug */,
				4BA0AEDE2356BBA600DF4786 /* Release */,
			);
			defaultConfigurationIsVisible = 0;
			defaultConfigurationName = Release;
		};
		4BA0AEDF2356BBA600DF4786 /* Build configuration list for PBXNativeTarget "loadfilesTests" */ = {
			isa = XCConfigurationList;
			buildConfigurations = (
				4BA0AEE02356BBA600DF4786 /* Debug */,
				4BA0AEE12356BBA600DF4786 /* Release */,
			);
			defaultConfigurationIsVisible = 0;
			defaultConfigurationName = Release;
		};
		4BA0AEE22356BBA600DF4786 /* Build configuration list for PBXNativeTarget "loadfilesUITests" */ = {
			isa = XCConfigurationList;
			buildConfigurations = (
				4BA0AEE32356BBA600DF4786 /* Debug */,
				4BA0AEE42356BBA600DF4786 /* Release */,
			);
			defaultConfigurationIsVisible = 0;
			defaultConfigurationName = Release;
		};
/* End XCConfigurationList section */
	};
	rootObject = 4BA0AEAE2356BBA400DF4786 /* Project object */;
}
