// !$*UTF8*$!
{
	archiveVersion = 1;
	classes = {
	};
	objectVersion = 50;
	objects = {

/* Begin PBXBuildFile section */
		4B8CEB03233C7D98009386E4 /* AppDelegate.swift in Sources */ = {isa = PBXBuildFile; fileRef = 4B8CEB02233C7D98009386E4 /* AppDelegate.swift */; };
		4B8CEB05233C7D98009386E4 /* SceneDelegate.swift in Sources */ = {isa = PBXBuildFile; fileRef = 4B8CEB04233C7D98009386E4 /* SceneDelegate.swift */; };
		4B8CEB07233C7D98009386E4 /* ViewController.swift in Sources */ = {isa = PBXBuildFile; fileRef = 4B8CEB06233C7D98009386E4 /* ViewController.swift */; };
		4B8CEB0A233C7D98009386E4 /* Main.storyboard in Resources */ = {isa = PBXBuildFile; fileRef = 4B8CEB08233C7D98009386E4 /* Main.storyboard */; };
		4B8CEB0C233C7D9B009386E4 /* Assets.xcassets in Resources */ = {isa = PBXBuildFile; fileRef = 4B8CEB0B233C7D9B009386E4 /* Assets.xcassets */; };
		4B8CEB0F233C7D9B009386E4 /* LaunchScreen.storyboard in Resources */ = {isa = PBXBuildFile; fileRef = 4B8CEB0D233C7D9B009386E4 /* LaunchScreen.storyboard */; };
		4B8CEB1A233C7D9B009386E4 /* AVAudioRecorderTests.swift in Sources */ = {isa = PBXBuildFile; fileRef = 4B8CEB19233C7D9B009386E4 /* AVAudioRecorderTests.swift */; };
		4B8CEB25233C7D9B009386E4 /* AVAudioRecorderUITests.swift in Sources */ = {isa = PBXBuildFile; fileRef = 4B8CEB24233C7D9B009386E4 /* AVAudioRecorderUITests.swift */; };
		4B8CEB33233CB3E8009386E4 /* PlayController.swift in Sources */ = {isa = PBXBuildFile; fileRef = 4B8CEB32233CB3E8009386E4 /* PlayController.swift */; };
/* End PBXBuildFile section */

/* Begin PBXContainerItemProxy section */
		4B8CEB16233C7D9B009386E4 /* PBXContainerItemProxy */ = {
			isa = PBXContainerItemProxy;
			containerPortal = 4B8CEAF7233C7D98009386E4 /* Project object */;
			proxyType = 1;
			remoteGlobalIDString = 4B8CEAFE233C7D98009386E4;
			remoteInfo = AVAudioRecorder;
		};
		4B8CEB21233C7D9B009386E4 /* PBXContainerItemProxy */ = {
			isa = PBXContainerItemProxy;
			containerPortal = 4B8CEAF7233C7D98009386E4 /* Project object */;
			proxyType = 1;
			remoteGlobalIDString = 4B8CEAFE233C7D98009386E4;
			remoteInfo = AVAudioRecorder;
		};
/* End PBXContainerItemProxy section */

/* Begin PBXFileReference section */
		4B8CEAFF233C7D98009386E4 /* AVAudioRecorder.app */ = {isa = PBXFileReference; explicitFileType = wrapper.application; includeInIndex = 0; path = AVAudioRecorder.app; sourceTree = BUILT_PRODUCTS_DIR; };
		4B8CEB02233C7D98009386E4 /* AppDelegate.swift */ = {isa = PBXFileReference; lastKnownFileType = sourcecode.swift; path = AppDelegate.swift; sourceTree = "<group>"; };
		4B8CEB04233C7D98009386E4 /* SceneDelegate.swift */ = {isa = PBXFileReference; lastKnownFileType = sourcecode.swift; path = SceneDelegate.swift; sourceTree = "<group>"; };
		4B8CEB06233C7D98009386E4 /* ViewController.swift */ = {isa = PBXFileReference; lastKnownFileType = sourcecode.swift; path = ViewController.swift; sourceTree = "<group>"; };
		4B8CEB09233C7D98009386E4 /* Base */ = {isa = PBXFileReference; lastKnownFileType = file.storyboard; name = Base; path = Base.lproj/Main.storyboard; sourceTree = "<group>"; };
		4B8CEB0B233C7D9B009386E4 /* Assets.xcassets */ = {isa = PBXFileReference; lastKnownFileType = folder.assetcatalog; path = Assets.xcassets; sourceTree = "<group>"; };
		4B8CEB0E233C7D9B009386E4 /* Base */ = {isa = PBXFileReference; lastKnownFileType = file.storyboard; name = Base; path = Base.lproj/LaunchScreen.storyboard; sourceTree = "<group>"; };
		4B8CEB10233C7D9B009386E4 /* Info.plist */ = {isa = PBXFileReference; lastKnownFileType = text.plist.xml; path = Info.plist; sourceTree = "<group>"; };
		4B8CEB15233C7D9B009386E4 /* AVAudioRecorderTests.xctest */ = {isa = PBXFileReference; explicitFileType = wrapper.cfbundle; includeInIndex = 0; path = AVAudioRecorderTests.xctest; sourceTree = BUILT_PRODUCTS_DIR; };
		4B8CEB19233C7D9B009386E4 /* AVAudioRecorderTests.swift */ = {isa = PBXFileReference; lastKnownFileType = sourcecode.swift; path = AVAudioRecorderTests.swift; sourceTree = "<group>"; };
		4B8CEB1B233C7D9B009386E4 /* Info.plist */ = {isa = PBXFileReference; lastKnownFileType = text.plist.xml; path = Info.plist; sourceTree = "<group>"; };
		4B8CEB20233C7D9B009386E4 /* AVAudioRecorderUITests.xctest */ = {isa = PBXFileReference; explicitFileType = wrapper.cfbundle; includeInIndex = 0; path = AVAudioRecorderUITests.xctest; sourceTree = BUILT_PRODUCTS_DIR; };
		4B8CEB24233C7D9B009386E4 /* AVAudioRecorderUITests.swift */ = {isa = PBXFileReference; lastKnownFileType = sourcecode.swift; path = AVAudioRecorderUITests.swift; sourceTree = "<group>"; };
		4B8CEB26233C7D9B009386E4 /* Info.plist */ = {isa = PBXFileReference; lastKnownFileType = text.plist.xml; path = Info.plist; sourceTree = "<group>"; };
		4B8CEB32233CB3E8009386E4 /* PlayController.swift */ = {isa = PBXFileReference; lastKnownFileType = sourcecode.swift; path = PlayController.swift; sourceTree = "<group>"; };
/* End PBXFileReference section */

/* Begin PBXFrameworksBuildPhase section */
		4B8CEAFC233C7D98009386E4 /* Frameworks */ = {
			isa = PBXFrameworksBuildPhase;
			buildActionMask = 2147483647;
			files = (
			);
			runOnlyForDeploymentPostprocessing = 0;
		};
		4B8CEB12233C7D9B009386E4 /* Frameworks */ = {
			isa = PBXFrameworksBuildPhase;
			buildActionMask = 2147483647;
			files = (
			);
			runOnlyForDeploymentPostprocessing = 0;
		};
		4B8CEB1D233C7D9B009386E4 /* Frameworks */ = {
			isa = PBXFrameworksBuildPhase;
			buildActionMask = 2147483647;
			files = (
			);
			runOnlyForDeploymentPostprocessing = 0;
		};
/* End PBXFrameworksBuildPhase section */

/* Begin PBXGroup section */
		4B8CEAF6233C7D98009386E4 = {
			isa = PBXGroup;
			children = (
				4B8CEB01233C7D98009386E4 /* AVAudioRecorder */,
				4B8CEB18233C7D9B009386E4 /* AVAudioRecorderTests */,
				4B8CEB23233C7D9B009386E4 /* AVAudioRecorderUITests */,
				4B8CEB00233C7D98009386E4 /* Products */,
			);
			sourceTree = "<group>";
		};
		4B8CEB00233C7D98009386E4 /* Products */ = {
			isa = PBXGroup;
			children = (
				4B8CEAFF233C7D98009386E4 /* AVAudioRecorder.app */,
				4B8CEB15233C7D9B009386E4 /* AVAudioRecorderTests.xctest */,
				4B8CEB20233C7D9B009386E4 /* AVAudioRecorderUITests.xctest */,
			);
			name = Products;
			sourceTree = "<group>";
		};
		4B8CEB01233C7D98009386E4 /* AVAudioRecorder */ = {
			isa = PBXGroup;
			children = (
				4B8CEB02233C7D98009386E4 /* AppDelegate.swift */,
				4B8CEB04233C7D98009386E4 /* SceneDelegate.swift */,
				4B8CEB06233C7D98009386E4 /* ViewController.swift */,
				4B8CEB08233C7D98009386E4 /* Main.storyboard */,
				4B8CEB0B233C7D9B009386E4 /* Assets.xcassets */,
				4B8CEB0D233C7D9B009386E4 /* LaunchScreen.storyboard */,
				4B8CEB10233C7D9B009386E4 /* Info.plist */,
				4B8CEB32233CB3E8009386E4 /* PlayController.swift */,
			);
			path = AVAudioRecorder;
			sourceTree = "<group>";
		};
		4B8CEB18233C7D9B009386E4 /* AVAudioRecorderTests */ = {
			isa = PBXGroup;
			children = (
				4B8CEB19233C7D9B009386E4 /* AVAudioRecorderTests.swift */,
				4B8CEB1B233C7D9B009386E4 /* Info.plist */,
			);
			path = AVAudioRecorderTests;
			sourceTree = "<group>";
		};
		4B8CEB23233C7D9B009386E4 /* AVAudioRecorderUITests */ = {
			isa = PBXGroup;
			children = (
				4B8CEB24233C7D9B009386E4 /* AVAudioRecorderUITests.swift */,
				4B8CEB26233C7D9B009386E4 /* Info.plist */,
			);
			path = AVAudioRecorderUITests;
			sourceTree = "<group>";
		};
/* End PBXGroup section */

/* Begin PBXNativeTarget section */
		4B8CEAFE233C7D98009386E4 /* AVAudioRecorder */ = {
			isa = PBXNativeTarget;
			buildConfigurationList = 4B8CEB29233C7D9B009386E4 /* Build configuration list for PBXNativeTarget "AVAudioRecorder" */;
			buildPhases = (
				4B8CEAFB233C7D98009386E4 /* Sources */,
				4B8CEAFC233C7D98009386E4 /* Frameworks */,
				4B8CEAFD233C7D98009386E4 /* Resources */,
			);
			buildRules = (
			);
			dependencies = (
			);
			name = AVAudioRecorder;
			productName = AVAudioRecorder;
			productReference = 4B8CEAFF233C7D98009386E4 /* AVAudioRecorder.app */;
			productType = "com.apple.product-type.application";
		};
		4B8CEB14233C7D9B009386E4 /* AVAudioRecorderTests */ = {
			isa = PBXNativeTarget;
			buildConfigurationList = 4B8CEB2C233C7D9B009386E4 /* Build configuration list for PBXNativeTarget "AVAudioRecorderTests" */;
			buildPhases = (
				4B8CEB11233C7D9B009386E4 /* Sources */,
				4B8CEB12233C7D9B009386E4 /* Frameworks */,
				4B8CEB13233C7D9B009386E4 /* Resources */,
			);
			buildRules = (
			);
			dependencies = (
				4B8CEB17233C7D9B009386E4 /* PBXTargetDependency */,
			);
			name = AVAudioRecorderTests;
			productName = AVAudioRecorderTests;
			productReference = 4B8CEB15233C7D9B009386E4 /* AVAudioRecorderTests.xctest */;
			productType = "com.apple.product-type.bundle.unit-test";
		};
		4B8CEB1F233C7D9B009386E4 /* AVAudioRecorderUITests */ = {
			isa = PBXNativeTarget;
			buildConfigurationList = 4B8CEB2F233C7D9B009386E4 /* Build configuration list for PBXNativeTarget "AVAudioRecorderUITests" */;
			buildPhases = (
				4B8CEB1C233C7D9B009386E4 /* Sources */,
				4B8CEB1D233C7D9B009386E4 /* Frameworks */,
				4B8CEB1E233C7D9B009386E4 /* Resources */,
			);
			buildRules = (
			);
			dependencies = (
				4B8CEB22233C7D9B009386E4 /* PBXTargetDependency */,
			);
			name = AVAudioRecorderUITests;
			productName = AVAudioRecorderUITests;
			productReference = 4B8CEB20233C7D9B009386E4 /* AVAudioRecorderUITests.xctest */;
			productType = "com.apple.product-type.bundle.ui-testing";
		};
/* End PBXNativeTarget section */

/* Begin PBXProject section */
		4B8CEAF7233C7D98009386E4 /* Project object */ = {
			isa = PBXProject;
			attributes = {
				LastSwiftUpdateCheck = 1100;
				LastUpgradeCheck = 1100;
				ORGANIZATIONNAME = liyufeng;
				TargetAttributes = {
					4B8CEAFE233C7D98009386E4 = {
						CreatedOnToolsVersion = 11.0;
					};
					4B8CEB14233C7D9B009386E4 = {
						CreatedOnToolsVersion = 11.0;
						TestTargetID = 4B8CEAFE233C7D98009386E4;
					};
					4B8CEB1F233C7D9B009386E4 = {
						CreatedOnToolsVersion = 11.0;
						TestTargetID = 4B8CEAFE233C7D98009386E4;
					};
				};
			};
			buildConfigurationList = 4B8CEAFA233C7D98009386E4 /* Build configuration list for PBXProject "AVAudioRecorder" */;
			compatibilityVersion = "Xcode 9.3";
			developmentRegion = en;
			hasScannedForEncodings = 0;
			knownRegions = (
				en,
				Base,
			);
			mainGroup = 4B8CEAF6233C7D98009386E4;
			productRefGroup = 4B8CEB00233C7D98009386E4 /* Products */;
			projectDirPath = "";
			projectRoot = "";
			targets = (
				4B8CEAFE233C7D98009386E4 /* AVAudioRecorder */,
				4B8CEB14233C7D9B009386E4 /* AVAudioRecorderTests */,
				4B8CEB1F233C7D9B009386E4 /* AVAudioRecorderUITests */,
			);
		};
/* End PBXProject section */

/* Begin PBXResourcesBuildPhase section */
		4B8CEAFD233C7D98009386E4 /* Resources */ = {
			isa = PBXResourcesBuildPhase;
			buildActionMask = 2147483647;
			files = (
				4B8CEB0F233C7D9B009386E4 /* LaunchScreen.storyboard in Resources */,
				4B8CEB0C233C7D9B009386E4 /* Assets.xcassets in Resources */,
				4B8CEB0A233C7D98009386E4 /* Main.storyboard in Resources */,
			);
			runOnlyForDeploymentPostprocessing = 0;
		};
		4B8CEB13233C7D9B009386E4 /* Resources */ = {
			isa = PBXResourcesBuildPhase;
			buildActionMask = 2147483647;
			files = (
			);
			runOnlyForDeploymentPostprocessing = 0;
		};
		4B8CEB1E233C7D9B009386E4 /* Resources */ = {
			isa = PBXResourcesBuildPhase;
			buildActionMask = 2147483647;
			files = (
			);
			runOnlyForDeploymentPostprocessing = 0;
		};
/* End PBXResourcesBuildPhase section */

/* Begin PBXSourcesBuildPhase section */
		4B8CEAFB233C7D98009386E4 /* Sources */ = {
			isa = PBXSourcesBuildPhase;
			buildActionMask = 2147483647;
			files = (
				4B8CEB07233C7D98009386E4 /* ViewController.swift in Sources */,
				4B8CEB33233CB3E8009386E4 /* PlayController.swift in Sources */,
				4B8CEB03233C7D98009386E4 /* AppDelegate.swift in Sources */,
				4B8CEB05233C7D98009386E4 /* SceneDelegate.swift in Sources */,
			);
			runOnlyForDeploymentPostprocessing = 0;
		};
		4B8CEB11233C7D9B009386E4 /* Sources */ = {
			isa = PBXSourcesBuildPhase;
			buildActionMask = 2147483647;
			files = (
				4B8CEB1A233C7D9B009386E4 /* AVAudioRecorderTests.swift in Sources */,
			);
			runOnlyForDeploymentPostprocessing = 0;
		};
		4B8CEB1C233C7D9B009386E4 /* Sources */ = {
			isa = PBXSourcesBuildPhase;
			buildActionMask = 2147483647;
			files = (
				4B8CEB25233C7D9B009386E4 /* AVAudioRecorderUITests.swift in Sources */,
			);
			runOnlyForDeploymentPostprocessing = 0;
		};
/* End PBXSourcesBuildPhase section */

/* Begin PBXTargetDependency section */
		4B8CEB17233C7D9B009386E4 /* PBXTargetDependency */ = {
			isa = PBXTargetDependency;
			target = 4B8CEAFE233C7D98009386E4 /* AVAudioRecorder */;
			targetProxy = 4B8CEB16233C7D9B009386E4 /* PBXContainerItemProxy */;
		};
		4B8CEB22233C7D9B009386E4 /* PBXTargetDependency */ = {
			isa = PBXTargetDependency;
			target = 4B8CEAFE233C7D98009386E4 /* AVAudioRecorder */;
			targetProxy = 4B8CEB21233C7D9B009386E4 /* PBXContainerItemProxy */;
		};
/* End PBXTargetDependency section */

/* Begin PBXVariantGroup section */
		4B8CEB08233C7D98009386E4 /* Main.storyboard */ = {
			isa = PBXVariantGroup;
			children = (
				4B8CEB09233C7D98009386E4 /* Base */,
			);
			name = Main.storyboard;
			sourceTree = "<group>";
		};
		4B8CEB0D233C7D9B009386E4 /* LaunchScreen.storyboard */ = {
			isa = PBXVariantGroup;
			children = (
				4B8CEB0E233C7D9B009386E4 /* Base */,
			);
			name = LaunchScreen.storyboard;
			sourceTree = "<group>";
		};
/* End PBXVariantGroup section */

/* Begin XCBuildConfiguration section */
		4B8CEB27233C7D9B009386E4 /* Debug */ = {
			isa = XCBuildConfiguration;
			buildSettings = {
				ALWAYS_SEARCH_USER_PATHS = NO;
				CLANG_ANALYZER_NONNULL = YES;
				CLANG_ANALYZER_NUMBER_OBJECT_CONVERSION = YES_AGGRESSIVE;
				CLANG_CXX_LANGUAGE_STANDARD = "gnu++14";
				CLANG_CXX_LIBRARY = "libc++";
				CLANG_ENABLE_MODULES = YES;
				CLANG_ENABLE_OBJC_ARC = YES;
				CLANG_ENABLE_OBJC_WEAK = YES;
				CLANG_WARN_BLOCK_CAPTURE_AUTORELEASING = YES;
				CLANG_WARN_BOOL_CONVERSION = YES;
				CLANG_WARN_COMMA = YES;
				CLANG_WARN_CONSTANT_CONVERSION = YES;
				CLANG_WARN_DEPRECATED_OBJC_IMPLEMENTATIONS = YES;
				CLANG_WARN_DIRECT_OBJC_ISA_USAGE = YES_ERROR;
				CLANG_WARN_DOCUMENTATION_COMMENTS = YES;
				CLANG_WARN_EMPTY_BODY = YES;
				CLANG_WARN_ENUM_CONVERSION = YES;
				CLANG_WARN_INFINITE_RECURSION = YES;
				CLANG_WARN_INT_CONVERSION = YES;
				CLANG_WARN_NON_LITERAL_NULL_CONVERSION = YES;
				CLANG_WARN_OBJC_IMPLICIT_RETAIN_SELF = YES;
				CLANG_WARN_OBJC_LITERAL_CONVERSION = YES;
				CLANG_WARN_OBJC_ROOT_CLASS = YES_ERROR;
				CLANG_WARN_RANGE_LOOP_ANALYSIS = YES;
				CLANG_WARN_STRICT_PROTOTYPES = YES;
				CLANG_WARN_SUSPICIOUS_MOVE = YES;
				CLANG_WARN_UNGUARDED_AVAILABILITY = YES_AGGRESSIVE;
				CLANG_WARN_UNREACHABLE_CODE = YES;
				CLANG_WARN__DUPLICATE_METHOD_MATCH = YES;
				COPY_PHASE_STRIP = NO;
				DEBUG_INFORMATION_FORMAT = dwarf;
				ENABLE_STRICT_OBJC_MSGSEND = YES;
				ENABLE_TESTABILITY = YES;
				GCC_C_LANGUAGE_STANDARD = gnu11;
				GCC_DYNAMIC_NO_PIC = NO;
				GCC_NO_COMMON_BLOCKS = YES;
				GCC_OPTIMIZATION_LEVEL = 0;
				GCC_PREPROCESSOR_DEFINITIONS = (
					"DEBUG=1",
					"$(inherited)",
				);
				GCC_WARN_64_TO_32_BIT_CONVERSION = YES;
				GCC_WARN_ABOUT_RETURN_TYPE = YES_ERROR;
				GCC_WARN_UNDECLARED_SELECTOR = YES;
				GCC_WARN_UNINITIALIZED_AUTOS = YES_AGGRESSIVE;
				GCC_WARN_UNUSED_FUNCTION = YES;
				GCC_WARN_UNUSED_VARIABLE = YES;
				IPHONEOS_DEPLOYMENT_TARGET = 13.0;
				MTL_ENABLE_DEBUG_INFO = INCLUDE_SOURCE;
				MTL_FAST_MATH = YES;
				ONLY_ACTIVE_ARCH = YES;
				SDKROOT = iphoneos;
				SWIFT_ACTIVE_COMPILATION_CONDITIONS = DEBUG;
				SWIFT_OPTIMIZATION_LEVEL = "-Onone";
			};
			name = Debug;
		};
		4B8CEB28233C7D9B009386E4 /* Release */ = {
			isa = XCBuildConfiguration;
			buildSettings = {
				ALWAYS_SEARCH_USER_PATHS = NO;
				CLANG_ANALYZER_NONNULL = YES;
				CLANG_ANALYZER_NUMBER_OBJECT_CONVERSION = YES_AGGRESSIVE;
				CLANG_CXX_LANGUAGE_STANDARD = "gnu++14";
				CLANG_CXX_LIBRARY = "libc++";
				CLANG_ENABLE_MODULES = YES;
				CLANG_ENABLE_OBJC_ARC = YES;
				CLANG_ENABLE_OBJC_WEAK = YES;
				CLANG_WARN_BLOCK_CAPTURE_AUTORELEASING = YES;
				CLANG_WARN_BOOL_CONVERSION = YES;
				CLANG_WARN_COMMA = YES;
				CLANG_WARN_CONSTANT_CONVERSION = YES;
				CLANG_WARN_DEPRECATED_OBJC_IMPLEMENTATIONS = YES;
				CLANG_WARN_DIRECT_OBJC_ISA_USAGE = YES_ERROR;
				CLANG_WARN_DOCUMENTATION_COMMENTS = YES;
				CLANG_WARN_EMPTY_BODY = YES;
				CLANG_WARN_ENUM_CONVERSION = YES;
				CLANG_WARN_INFINITE_RECURSION = YES;
				CLANG_WARN_INT_CONVERSION = YES;
				CLANG_WARN_NON_LITERAL_NULL_CONVERSION = YES;
				CLANG_WARN_OBJC_IMPLICIT_RETAIN_SELF = YES;
				CLANG_WARN_OBJC_LITERAL_CONVERSION = YES;
				CLANG_WARN_OBJC_ROOT_CLASS = YES_ERROR;
				CLANG_WARN_RANGE_LOOP_ANALYSIS = YES;
				CLANG_WARN_STRICT_PROTOTYPES = YES;
				CLANG_WARN_SUSPICIOUS_MOVE = YES;
				CLANG_WARN_UNGUARDED_AVAILABILITY = YES_AGGRESSIVE;
				CLANG_WARN_UNREACHABLE_CODE = YES;
				CLANG_WARN__DUPLICATE_METHOD_MATCH = YES;
				COPY_PHASE_STRIP = NO;
				DEBUG_INFORMATION_FORMAT = "dwarf-with-dsym";
				ENABLE_NS_ASSERTIONS = NO;
				ENABLE_STRICT_OBJC_MSGSEND = YES;
				GCC_C_LANGUAGE_STANDARD = gnu11;
				GCC_NO_COMMON_BLOCKS = YES;
				GCC_WARN_64_TO_32_BIT_CONVERSION = YES;
				GCC_WARN_ABOUT_RETURN_TYPE = YES_ERROR;
				GCC_WARN_UNDECLARED_SELECTOR = YES;
				GCC_WARN_UNINITIALIZED_AUTOS = YES_AGGRESSIVE;
				GCC_WARN_UNUSED_FUNCTION = YES;
				GCC_WARN_UNUSED_VARIABLE = YES;
				IPHONEOS_DEPLOYMENT_TARGET = 13.0;
				MTL_ENABLE_DEBUG_INFO = NO;
				MTL_FAST_MATH = YES;
				SDKROOT = iphoneos;
				SWIFT_COMPILATION_MODE = wholemodule;
				SWIFT_OPTIMIZATION_LEVEL = "-O";
				VALIDATE_PRODUCT = YES;
			};
			name = Release;
		};
		4B8CEB2A233C7D9B009386E4 /* Debug */ = {
			isa = XCBuildConfiguration;
			buildSettings = {
				ASSETCATALOG_COMPILER_APPICON_NAME = AppIcon;
				CODE_SIGN_STYLE = Automatic;
				DEVELOPMENT_TEAM = 3F685LX6UR;
				INFOPLIST_FILE = AVAudioRecorder/Info.plist;
				LD_RUNPATH_SEARCH_PATHS = (
					"$(inherited)",
					"@executable_path/Frameworks",
				);
				PRODUCT_BUNDLE_IDENTIFIER = com.appstore.AVAudioRecorder;
				PRODUCT_NAME = "$(TARGET_NAME)";
				SWIFT_VERSION = 5.0;
				TARGETED_DEVICE_FAMILY = "1,2";
			};
			name = Debug;
		};
		4B8CEB2B233C7D9B009386E4 /* Release */ = {
			isa = XCBuildConfiguration;
			buildSettings = {
				ASSETCATALOG_COMPILER_APPICON_NAME = AppIcon;
				CODE_SIGN_STYLE = Automatic;
				DEVELOPMENT_TEAM = 3F685LX6UR;
				INFOPLIST_FILE = AVAudioRecorder/Info.plist;
				LD_RUNPATH_SEARCH_PATHS = (
					"$(inherited)",
					"@executable_path/Frameworks",
				);
				PRODUCT_BUNDLE_IDENTIFIER = com.appstore.AVAudioRecorder;
				PRODUCT_NAME = "$(TARGET_NAME)";
				SWIFT_VERSION = 5.0;
				TARGETED_DEVICE_FAMILY = "1,2";
			};
			name = Release;
		};
		4B8CEB2D233C7D9B009386E4 /* Debug */ = {
			isa = XCBuildConfiguration;
			buildSettings = {
				ALWAYS_EMBED_SWIFT_STANDARD_LIBRARIES = YES;
				BUNDLE_LOADER = "$(TEST_HOST)";
				CODE_SIGN_STYLE = Automatic;
				DEVELOPMENT_TEAM = 3F685LX6UR;
				INFOPLIST_FILE = AVAudioRecorderTests/Info.plist;
				IPHONEOS_DEPLOYMENT_TARGET = 13.0;
				LD_RUNPATH_SEARCH_PATHS = (
					"$(inherited)",
					"@executable_path/Frameworks",
					"@loader_path/Frameworks",
				);
				PRODUCT_BUNDLE_IDENTIFIER = com.appstore.AVAudioRecorderTests;
				PRODUCT_NAME = "$(TARGET_NAME)";
				SWIFT_VERSION = 5.0;
				TARGETED_DEVICE_FAMILY = "1,2";
				TEST_HOST = "$(BUILT_PRODUCTS_DIR)/AVAudioRecorder.app/AVAudioRecorder";
			};
			name = Debug;
		};
		4B8CEB2E233C7D9B009386E4 /* Release */ = {
			isa = XCBuildConfiguration;
			buildSettings = {
				ALWAYS_EMBED_SWIFT_STANDARD_LIBRARIES = YES;
				BUNDLE_LOADER = "$(TEST_HOST)";
				CODE_SIGN_STYLE = Automatic;
				DEVELOPMENT_TEAM = 3F685LX6UR;
				INFOPLIST_FILE = AVAudioRecorderTests/Info.plist;
				IPHONEOS_DEPLOYMENT_TARGET = 13.0;
				LD_RUNPATH_SEARCH_PATHS = (
					"$(inherited)",
					"@executable_path/Frameworks",
					"@loader_path/Frameworks",
				);
				PRODUCT_BUNDLE_IDENTIFIER = com.appstore.AVAudioRecorderTests;
				PRODUCT_NAME = "$(TARGET_NAME)";
				SWIFT_VERSION = 5.0;
				TARGETED_DEVICE_FAMILY = "1,2";
				TEST_HOST = "$(BUILT_PRODUCTS_DIR)/AVAudioRecorder.app/AVAudioRecorder";
			};
			name = Release;
		};
		4B8CEB30233C7D9B009386E4 /* Debug */ = {
			isa = XCBuildConfiguration;
			buildSettings = {
				ALWAYS_EMBED_SWIFT_STANDARD_LIBRARIES = YES;
				CODE_SIGN_STYLE = Automatic;
				DEVELOPMENT_TEAM = 3F685LX6UR;
				INFOPLIST_FILE = AVAudioRecorderUITests/Info.plist;
				LD_RUNPATH_SEARCH_PATHS = (
					"$(inherited)",
					"@executable_path/Frameworks",
					"@loader_path/Frameworks",
				);
				PRODUCT_BUNDLE_IDENTIFIER = com.appstore.AVAudioRecorderUITests;
				PRODUCT_NAME = "$(TARGET_NAME)";
				SWIFT_VERSION = 5.0;
				TARGETED_DEVICE_FAMILY = "1,2";
				TEST_TARGET_NAME = AVAudioRecorder;
			};
			name = Debug;
		};
		4B8CEB31233C7D9B009386E4 /* Release */ = {
			isa = XCBuildConfiguration;
			buildSettings = {
				ALWAYS_EMBED_SWIFT_STANDARD_LIBRARIES = YES;
				CODE_SIGN_STYLE = Automatic;
				DEVELOPMENT_TEAM = 3F685LX6UR;
				INFOPLIST_FILE = AVAudioRecorderUITests/Info.plist;
				LD_RUNPATH_SEARCH_PATHS = (
					"$(inherited)",
					"@executable_path/Frameworks",
					"@loader_path/Frameworks",
				);
				PRODUCT_BUNDLE_IDENTIFIER = com.appstore.AVAudioRecorderUITests;
				PRODUCT_NAME = "$(TARGET_NAME)";
				SWIFT_VERSION = 5.0;
				TARGETED_DEVICE_FAMILY = "1,2";
				TEST_TARGET_NAME = AVAudioRecorder;
			};
			name = Release;
		};
/* End XCBuildConfiguration section */

/* Begin XCConfigurationList section */
		4B8CEAFA233C7D98009386E4 /* Build configuration list for PBXProject "AVAudioRecorder" */ = {
			isa = XCConfigurationList;
			buildConfigurations = (
				4B8CEB27233C7D9B009386E4 /* Debug */,
				4B8CEB28233C7D9B009386E4 /* Release */,
			);
			defaultConfigurationIsVisible = 0;
			defaultConfigurationName = Release;
		};
		4B8CEB29233C7D9B009386E4 /* Build configuration list for PBXNativeTarget "AVAudioRecorder" */ = {
			isa = XCConfigurationList;
			buildConfigurations = (
				4B8CEB2A233C7D9B009386E4 /* Debug */,
				4B8CEB2B233C7D9B009386E4 /* Release */,
			);
			defaultConfigurationIsVisible = 0;
			defaultConfigurationName = Release;
		};
		4B8CEB2C233C7D9B009386E4 /* Build configuration list for PBXNativeTarget "AVAudioRecorderTests" */ = {
			isa = XCConfigurationList;
			buildConfigurations = (
				4B8CEB2D233C7D9B009386E4 /* Debug */,
				4B8CEB2E233C7D9B009386E4 /* Release */,
			);
			defaultConfigurationIsVisible = 0;
			defaultConfigurationName = Release;
		};
		4B8CEB2F233C7D9B009386E4 /* Build configuration list for PBXNativeTarget "AVAudioRecorderUITests" */ = {
			isa = XCConfigurationList;
			buildConfigurations = (
				4B8CEB30233C7D9B009386E4 /* Debug */,
				4B8CEB31233C7D9B009386E4 /* Release */,
			);
			defaultConfigurationIsVisible = 0;
			defaultConfigurationName = Release;
		};
/* End XCConfigurationList section */
	};
	rootObject = 4B8CEAF7233C7D98009386E4 /* Project object */;
}
