// !$*UTF8*$!
{
	archiveVersion = 1;
	classes = {
	};
	objectVersion = 50;
	objects = {

/* Begin PBXBuildFile section */
		4BA98B572362C4E8005CCE62 /* AppDelegate.swift in Sources */ = {isa = PBXBuildFile; fileRef = 4BA98B562362C4E8005CCE62 /* AppDelegate.swift */; };
		4BA98B592362C4E8005CCE62 /* SceneDelegate.swift in Sources */ = {isa = PBXBuildFile; fileRef = 4BA98B582362C4E8005CCE62 /* SceneDelegate.swift */; };
		4BA98B5B2362C4E8005CCE62 /* ViewController.swift in Sources */ = {isa = PBXBuildFile; fileRef = 4BA98B5A2362C4E8005CCE62 /* ViewController.swift */; };
		4BA98B5E2362C4E8005CCE62 /* Main.storyboard in Resources */ = {isa = PBXBuildFile; fileRef = 4BA98B5C2362C4E8005CCE62 /* Main.storyboard */; };
		4BA98B602362C4E9005CCE62 /* Assets.xcassets in Resources */ = {isa = PBXBuildFile; fileRef = 4BA98B5F2362C4E9005CCE62 /* Assets.xcassets */; };
		4BA98B632362C4E9005CCE62 /* LaunchScreen.storyboard in Resources */ = {isa = PBXBuildFile; fileRef = 4BA98B612362C4E9005CCE62 /* LaunchScreen.storyboard */; };
		4BA98B6E2362C4E9005CCE62 /* ProtocolMWTests.swift in Sources */ = {isa = PBXBuildFile; fileRef = 4BA98B6D2362C4E9005CCE62 /* ProtocolMWTests.swift */; };
		4BA98B792362C4E9005CCE62 /* ProtocolMWUITests.swift in Sources */ = {isa = PBXBuildFile; fileRef = 4BA98B782362C4E9005CCE62 /* ProtocolMWUITests.swift */; };
		4BA98B8A2362C51B005CCE62 /* ProtocolMiddleware.m in Sources */ = {isa = PBXBuildFile; fileRef = 4BA98B892362C51B005CCE62 /* ProtocolMiddleware.m */; };
		4BA98B8D2362CA3C005CCE62 /* Test.m in Sources */ = {isa = PBXBuildFile; fileRef = 4BA98B8C2362CA3C005CCE62 /* Test.m */; };
/* End PBXBuildFile section */

/* Begin PBXContainerItemProxy section */
		4BA98B6A2362C4E9005CCE62 /* PBXContainerItemProxy */ = {
			isa = PBXContainerItemProxy;
			containerPortal = 4BA98B4B2362C4E8005CCE62 /* Project object */;
			proxyType = 1;
			remoteGlobalIDString = 4BA98B522362C4E8005CCE62;
			remoteInfo = ProtocolMW;
		};
		4BA98B752362C4E9005CCE62 /* PBXContainerItemProxy */ = {
			isa = PBXContainerItemProxy;
			containerPortal = 4BA98B4B2362C4E8005CCE62 /* Project object */;
			proxyType = 1;
			remoteGlobalIDString = 4BA98B522362C4E8005CCE62;
			remoteInfo = ProtocolMW;
		};
/* End PBXContainerItemProxy section */

/* Begin PBXFileReference section */
		4BA98B532362C4E8005CCE62 /* ProtocolMW.app */ = {isa = PBXFileReference; explicitFileType = wrapper.application; includeInIndex = 0; path = ProtocolMW.app; sourceTree = BUILT_PRODUCTS_DIR; };
		4BA98B562362C4E8005CCE62 /* AppDelegate.swift */ = {isa = PBXFileReference; lastKnownFileType = sourcecode.swift; path = AppDelegate.swift; sourceTree = "<group>"; };
		4BA98B582362C4E8005CCE62 /* SceneDelegate.swift */ = {isa = PBXFileReference; lastKnownFileType = sourcecode.swift; path = SceneDelegate.swift; sourceTree = "<group>"; };
		4BA98B5A2362C4E8005CCE62 /* ViewController.swift */ = {isa = PBXFileReference; lastKnownFileType = sourcecode.swift; path = ViewController.swift; sourceTree = "<group>"; };
		4BA98B5D2362C4E8005CCE62 /* Base */ = {isa = PBXFileReference; lastKnownFileType = file.storyboard; name = Base; path = Base.lproj/Main.storyboard; sourceTree = "<group>"; };
		4BA98B5F2362C4E9005CCE62 /* Assets.xcassets */ = {isa = PBXFileReference; lastKnownFileType = folder.assetcatalog; path = Assets.xcassets; sourceTree = "<group>"; };
		4BA98B622362C4E9005CCE62 /* Base */ = {isa = PBXFileReference; lastKnownFileType = file.storyboard; name = Base; path = Base.lproj/LaunchScreen.storyboard; sourceTree = "<group>"; };
		4BA98B642362C4E9005CCE62 /* Info.plist */ = {isa = PBXFileReference; lastKnownFileType = text.plist.xml; path = Info.plist; sourceTree = "<group>"; };
		4BA98B692362C4E9005CCE62 /* ProtocolMWTests.xctest */ = {isa = PBXFileReference; explicitFileType = wrapper.cfbundle; includeInIndex = 0; path = ProtocolMWTests.xctest; sourceTree = BUILT_PRODUCTS_DIR; };
		4BA98B6D2362C4E9005CCE62 /* ProtocolMWTests.swift */ = {isa = PBXFileReference; lastKnownFileType = sourcecode.swift; path = ProtocolMWTests.swift; sourceTree = "<group>"; };
		4BA98B6F2362C4E9005CCE62 /* Info.plist */ = {isa = PBXFileReference; lastKnownFileType = text.plist.xml; path = Info.plist; sourceTree = "<group>"; };
		4BA98B742362C4E9005CCE62 /* ProtocolMWUITests.xctest */ = {isa = PBXFileReference; explicitFileType = wrapper.cfbundle; includeInIndex = 0; path = ProtocolMWUITests.xctest; sourceTree = BUILT_PRODUCTS_DIR; };
		4BA98B782362C4E9005CCE62 /* ProtocolMWUITests.swift */ = {isa = PBXFileReference; lastKnownFileType = sourcecode.swift; path = ProtocolMWUITests.swift; sourceTree = "<group>"; };
		4BA98B7A2362C4E9005CCE62 /* Info.plist */ = {isa = PBXFileReference; lastKnownFileType = text.plist.xml; path = Info.plist; sourceTree = "<group>"; };
		4BA98B872362C51B005CCE62 /* ProtocolMW-Bridging-Header.h */ = {isa = PBXFileReference; lastKnownFileType = sourcecode.c.h; path = "ProtocolMW-Bridging-Header.h"; sourceTree = "<group>"; };
		4BA98B882362C51B005CCE62 /* ProtocolMiddleware.h */ = {isa = PBXFileReference; lastKnownFileType = sourcecode.c.h; path = ProtocolMiddleware.h; sourceTree = "<group>"; };
		4BA98B892362C51B005CCE62 /* ProtocolMiddleware.m */ = {isa = PBXFileReference; lastKnownFileType = sourcecode.c.objc; path = ProtocolMiddleware.m; sourceTree = "<group>"; };
		4BA98B8B2362CA3C005CCE62 /* Test.h */ = {isa = PBXFileReference; lastKnownFileType = sourcecode.c.h; path = Test.h; sourceTree = "<group>"; };
		4BA98B8C2362CA3C005CCE62 /* Test.m */ = {isa = PBXFileReference; lastKnownFileType = sourcecode.c.objc; path = Test.m; sourceTree = "<group>"; };
/* End PBXFileReference section */

/* Begin PBXFrameworksBuildPhase section */
		4BA98B502362C4E8005CCE62 /* Frameworks */ = {
			isa = PBXFrameworksBuildPhase;
			buildActionMask = 2147483647;
			files = (
			);
			runOnlyForDeploymentPostprocessing = 0;
		};
		4BA98B662362C4E9005CCE62 /* Frameworks */ = {
			isa = PBXFrameworksBuildPhase;
			buildActionMask = 2147483647;
			files = (
			);
			runOnlyForDeploymentPostprocessing = 0;
		};
		4BA98B712362C4E9005CCE62 /* Frameworks */ = {
			isa = PBXFrameworksBuildPhase;
			buildActionMask = 2147483647;
			files = (
			);
			runOnlyForDeploymentPostprocessing = 0;
		};
/* End PBXFrameworksBuildPhase section */

/* Begin PBXGroup section */
		4BA98B4A2362C4E8005CCE62 = {
			isa = PBXGroup;
			children = (
				4BA98B552362C4E8005CCE62 /* ProtocolMW */,
				4BA98B6C2362C4E9005CCE62 /* ProtocolMWTests */,
				4BA98B772362C4E9005CCE62 /* ProtocolMWUITests */,
				4BA98B542362C4E8005CCE62 /* Products */,
			);
			sourceTree = "<group>";
		};
		4BA98B542362C4E8005CCE62 /* Products */ = {
			isa = PBXGroup;
			children = (
				4BA98B532362C4E8005CCE62 /* ProtocolMW.app */,
				4BA98B692362C4E9005CCE62 /* ProtocolMWTests.xctest */,
				4BA98B742362C4E9005CCE62 /* ProtocolMWUITests.xctest */,
			);
			name = Products;
			sourceTree = "<group>";
		};
		4BA98B552362C4E8005CCE62 /* ProtocolMW */ = {
			isa = PBXGroup;
			children = (
				4BA98B862362C4F0005CCE62 /* class */,
				4BA98B562362C4E8005CCE62 /* AppDelegate.swift */,
				4BA98B582362C4E8005CCE62 /* SceneDelegate.swift */,
				4BA98B5A2362C4E8005CCE62 /* ViewController.swift */,
				4BA98B5C2362C4E8005CCE62 /* Main.storyboard */,
				4BA98B5F2362C4E9005CCE62 /* Assets.xcassets */,
				4BA98B612362C4E9005CCE62 /* LaunchScreen.storyboard */,
				4BA98B642362C4E9005CCE62 /* Info.plist */,
			);
			path = ProtocolMW;
			sourceTree = "<group>";
		};
		4BA98B6C2362C4E9005CCE62 /* ProtocolMWTests */ = {
			isa = PBXGroup;
			children = (
				4BA98B6D2362C4E9005CCE62 /* ProtocolMWTests.swift */,
				4BA98B6F2362C4E9005CCE62 /* Info.plist */,
			);
			path = ProtocolMWTests;
			sourceTree = "<group>";
		};
		4BA98B772362C4E9005CCE62 /* ProtocolMWUITests */ = {
			isa = PBXGroup;
			children = (
				4BA98B782362C4E9005CCE62 /* ProtocolMWUITests.swift */,
				4BA98B7A2362C4E9005CCE62 /* Info.plist */,
			);
			path = ProtocolMWUITests;
			sourceTree = "<group>";
		};
		4BA98B862362C4F0005CCE62 /* class */ = {
			isa = PBXGroup;
			children = (
				4BA98B882362C51B005CCE62 /* ProtocolMiddleware.h */,
				4BA98B892362C51B005CCE62 /* ProtocolMiddleware.m */,
				4BA98B872362C51B005CCE62 /* ProtocolMW-Bridging-Header.h */,
				4BA98B8B2362CA3C005CCE62 /* Test.h */,
				4BA98B8C2362CA3C005CCE62 /* Test.m */,
			);
			path = class;
			sourceTree = "<group>";
		};
/* End PBXGroup section */

/* Begin PBXNativeTarget section */
		4BA98B522362C4E8005CCE62 /* ProtocolMW */ = {
			isa = PBXNativeTarget;
			buildConfigurationList = 4BA98B7D2362C4E9005CCE62 /* Build configuration list for PBXNativeTarget "ProtocolMW" */;
			buildPhases = (
				4BA98B4F2362C4E8005CCE62 /* Sources */,
				4BA98B502362C4E8005CCE62 /* Frameworks */,
				4BA98B512362C4E8005CCE62 /* Resources */,
			);
			buildRules = (
			);
			dependencies = (
			);
			name = ProtocolMW;
			productName = ProtocolMW;
			productReference = 4BA98B532362C4E8005CCE62 /* ProtocolMW.app */;
			productType = "com.apple.product-type.application";
		};
		4BA98B682362C4E9005CCE62 /* ProtocolMWTests */ = {
			isa = PBXNativeTarget;
			buildConfigurationList = 4BA98B802362C4E9005CCE62 /* Build configuration list for PBXNativeTarget "ProtocolMWTests" */;
			buildPhases = (
				4BA98B652362C4E9005CCE62 /* Sources */,
				4BA98B662362C4E9005CCE62 /* Frameworks */,
				4BA98B672362C4E9005CCE62 /* Resources */,
			);
			buildRules = (
			);
			dependencies = (
				4BA98B6B2362C4E9005CCE62 /* PBXTargetDependency */,
			);
			name = ProtocolMWTests;
			productName = ProtocolMWTests;
			productReference = 4BA98B692362C4E9005CCE62 /* ProtocolMWTests.xctest */;
			productType = "com.apple.product-type.bundle.unit-test";
		};
		4BA98B732362C4E9005CCE62 /* ProtocolMWUITests */ = {
			isa = PBXNativeTarget;
			buildConfigurationList = 4BA98B832362C4E9005CCE62 /* Build configuration list for PBXNativeTarget "ProtocolMWUITests" */;
			buildPhases = (
				4BA98B702362C4E9005CCE62 /* Sources */,
				4BA98B712362C4E9005CCE62 /* Frameworks */,
				4BA98B722362C4E9005CCE62 /* Resources */,
			);
			buildRules = (
			);
			dependencies = (
				4BA98B762362C4E9005CCE62 /* PBXTargetDependency */,
			);
			name = ProtocolMWUITests;
			productName = ProtocolMWUITests;
			productReference = 4BA98B742362C4E9005CCE62 /* ProtocolMWUITests.xctest */;
			productType = "com.apple.product-type.bundle.ui-testing";
		};
/* End PBXNativeTarget section */

/* Begin PBXProject section */
		4BA98B4B2362C4E8005CCE62 /* Project object */ = {
			isa = PBXProject;
			attributes = {
				LastSwiftUpdateCheck = 1110;
				LastUpgradeCheck = 1110;
				ORGANIZATIONNAME = liyufeng;
				TargetAttributes = {
					4BA98B522362C4E8005CCE62 = {
						CreatedOnToolsVersion = 11.1;
						LastSwiftMigration = 1110;
					};
					4BA98B682362C4E9005CCE62 = {
						CreatedOnToolsVersion = 11.1;
						TestTargetID = 4BA98B522362C4E8005CCE62;
					};
					4BA98B732362C4E9005CCE62 = {
						CreatedOnToolsVersion = 11.1;
						TestTargetID = 4BA98B522362C4E8005CCE62;
					};
				};
			};
			buildConfigurationList = 4BA98B4E2362C4E8005CCE62 /* Build configuration list for PBXProject "ProtocolMW" */;
			compatibilityVersion = "Xcode 9.3";
			developmentRegion = en;
			hasScannedForEncodings = 0;
			knownRegions = (
				en,
				Base,
			);
			mainGroup = 4BA98B4A2362C4E8005CCE62;
			productRefGroup = 4BA98B542362C4E8005CCE62 /* Products */;
			projectDirPath = "";
			projectRoot = "";
			targets = (
				4BA98B522362C4E8005CCE62 /* ProtocolMW */,
				4BA98B682362C4E9005CCE62 /* ProtocolMWTests */,
				4BA98B732362C4E9005CCE62 /* ProtocolMWUITests */,
			);
		};
/* End PBXProject section */

/* Begin PBXResourcesBuildPhase section */
		4BA98B512362C4E8005CCE62 /* Resources */ = {
			isa = PBXResourcesBuildPhase;
			buildActionMask = 2147483647;
			files = (
				4BA98B632362C4E9005CCE62 /* LaunchScreen.storyboard in Resources */,
				4BA98B602362C4E9005CCE62 /* Assets.xcassets in Resources */,
				4BA98B5E2362C4E8005CCE62 /* Main.storyboard in Resources */,
			);
			runOnlyForDeploymentPostprocessing = 0;
		};
		4BA98B672362C4E9005CCE62 /* Resources */ = {
			isa = PBXResourcesBuildPhase;
			buildActionMask = 2147483647;
			files = (
			);
			runOnlyForDeploymentPostprocessing = 0;
		};
		4BA98B722362C4E9005CCE62 /* Resources */ = {
			isa = PBXResourcesBuildPhase;
			buildActionMask = 2147483647;
			files = (
			);
			runOnlyForDeploymentPostprocessing = 0;
		};
/* End PBXResourcesBuildPhase section */

/* Begin PBXSourcesBuildPhase section */
		4BA98B4F2362C4E8005CCE62 /* Sources */ = {
			isa = PBXSourcesBuildPhase;
			buildActionMask = 2147483647;
			files = (
				4BA98B8D2362CA3C005CCE62 /* Test.m in Sources */,
				4BA98B5B2362C4E8005CCE62 /* ViewController.swift in Sources */,
				4BA98B572362C4E8005CCE62 /* AppDelegate.swift in Sources */,
				4BA98B592362C4E8005CCE62 /* SceneDelegate.swift in Sources */,
				4BA98B8A2362C51B005CCE62 /* ProtocolMiddleware.m in Sources */,
			);
			runOnlyForDeploymentPostprocessing = 0;
		};
		4BA98B652362C4E9005CCE62 /* Sources */ = {
			isa = PBXSourcesBuildPhase;
			buildActionMask = 2147483647;
			files = (
				4BA98B6E2362C4E9005CCE62 /* ProtocolMWTests.swift in Sources */,
			);
			runOnlyForDeploymentPostprocessing = 0;
		};
		4BA98B702362C4E9005CCE62 /* Sources */ = {
			isa = PBXSourcesBuildPhase;
			buildActionMask = 2147483647;
			files = (
				4BA98B792362C4E9005CCE62 /* ProtocolMWUITests.swift in Sources */,
			);
			runOnlyForDeploymentPostprocessing = 0;
		};
/* End PBXSourcesBuildPhase section */

/* Begin PBXTargetDependency section */
		4BA98B6B2362C4E9005CCE62 /* PBXTargetDependency */ = {
			isa = PBXTargetDependency;
			target = 4BA98B522362C4E8005CCE62 /* ProtocolMW */;
			targetProxy = 4BA98B6A2362C4E9005CCE62 /* PBXContainerItemProxy */;
		};
		4BA98B762362C4E9005CCE62 /* PBXTargetDependency */ = {
			isa = PBXTargetDependency;
			target = 4BA98B522362C4E8005CCE62 /* ProtocolMW */;
			targetProxy = 4BA98B752362C4E9005CCE62 /* PBXContainerItemProxy */;
		};
/* End PBXTargetDependency section */

/* Begin PBXVariantGroup section */
		4BA98B5C2362C4E8005CCE62 /* Main.storyboard */ = {
			isa = PBXVariantGroup;
			children = (
				4BA98B5D2362C4E8005CCE62 /* Base */,
			);
			name = Main.storyboard;
			sourceTree = "<group>";
		};
		4BA98B612362C4E9005CCE62 /* LaunchScreen.storyboard */ = {
			isa = PBXVariantGroup;
			children = (
				4BA98B622362C4E9005CCE62 /* Base */,
			);
			name = LaunchScreen.storyboard;
			sourceTree = "<group>";
		};
/* End PBXVariantGroup section */

/* Begin XCBuildConfiguration section */
		4BA98B7B2362C4E9005CCE62 /* Debug */ = {
			isa = XCBuildConfiguration;
			buildSettings = {
				ALWAYS_SEARCH_USER_PATHS = NO;
				CLANG_ANALYZER_NONNULL = YES;
				CLANG_ANALYZER_NUMBER_OBJECT_CONVERSION = YES_AGGRESSIVE;
				CLANG_CXX_LANGUAGE_STANDARD = "gnu++14";
				CLANG_CXX_LIBRARY = "libc++";
				CLANG_ENABLE_MODULES = YES;
				CLANG_ENABLE_OBJC_ARC = YES;
				CLANG_ENABLE_OBJC_WEAK = YES;
				CLANG_WARN_BLOCK_CAPTURE_AUTORELEASING = YES;
				CLANG_WARN_BOOL_CONVERSION = YES;
				CLANG_WARN_COMMA = YES;
				CLANG_WARN_CONSTANT_CONVERSION = YES;
				CLANG_WARN_DEPRECATED_OBJC_IMPLEMENTATIONS = YES;
				CLANG_WARN_DIRECT_OBJC_ISA_USAGE = YES_ERROR;
				CLANG_WARN_DOCUMENTATION_COMMENTS = YES;
				CLANG_WARN_EMPTY_BODY = YES;
				CLANG_WARN_ENUM_CONVERSION = YES;
				CLANG_WARN_INFINITE_RECURSION = YES;
				CLANG_WARN_INT_CONVERSION = YES;
				CLANG_WARN_NON_LITERAL_NULL_CONVERSION = YES;
				CLANG_WARN_OBJC_IMPLICIT_RETAIN_SELF = YES;
				CLANG_WARN_OBJC_LITERAL_CONVERSION = YES;
				CLANG_WARN_OBJC_ROOT_CLASS = YES_ERROR;
				CLANG_WARN_RANGE_LOOP_ANALYSIS = YES;
				CLANG_WARN_STRICT_PROTOTYPES = YES;
				CLANG_WARN_SUSPICIOUS_MOVE = YES;
				CLANG_WARN_UNGUARDED_AVAILABILITY = YES_AGGRESSIVE;
				CLANG_WARN_UNREACHABLE_CODE = YES;
				CLANG_WARN__DUPLICATE_METHOD_MATCH = YES;
				COPY_PHASE_STRIP = NO;
				DEBUG_INFORMATION_FORMAT = dwarf;
				ENABLE_STRICT_OBJC_MSGSEND = YES;
				ENABLE_TESTABILITY = YES;
				GCC_C_LANGUAGE_STANDARD = gnu11;
				GCC_DYNAMIC_NO_PIC = NO;
				GCC_NO_COMMON_BLOCKS = YES;
				GCC_OPTIMIZATION_LEVEL = 0;
				GCC_PREPROCESSOR_DEFINITIONS = (
					"DEBUG=1",
					"$(inherited)",
				);
				GCC_WARN_64_TO_32_BIT_CONVERSION = YES;
				GCC_WARN_ABOUT_RETURN_TYPE = YES_ERROR;
				GCC_WARN_UNDECLARED_SELECTOR = YES;
				GCC_WARN_UNINITIALIZED_AUTOS = YES_AGGRESSIVE;
				GCC_WARN_UNUSED_FUNCTION = YES;
				GCC_WARN_UNUSED_VARIABLE = YES;
				IPHONEOS_DEPLOYMENT_TARGET = 13.1;
				MTL_ENABLE_DEBUG_INFO = INCLUDE_SOURCE;
				MTL_FAST_MATH = YES;
				ONLY_ACTIVE_ARCH = YES;
				SDKROOT = iphoneos;
				SWIFT_ACTIVE_COMPILATION_CONDITIONS = DEBUG;
				SWIFT_OPTIMIZATION_LEVEL = "-Onone";
			};
			name = Debug;
		};
		4BA98B7C2362C4E9005CCE62 /* Release */ = {
			isa = XCBuildConfiguration;
			buildSettings = {
				ALWAYS_SEARCH_USER_PATHS = NO;
				CLANG_ANALYZER_NONNULL = YES;
				CLANG_ANALYZER_NUMBER_OBJECT_CONVERSION = YES_AGGRESSIVE;
				CLANG_CXX_LANGUAGE_STANDARD = "gnu++14";
				CLANG_CXX_LIBRARY = "libc++";
				CLANG_ENABLE_MODULES = YES;
				CLANG_ENABLE_OBJC_ARC = YES;
				CLANG_ENABLE_OBJC_WEAK = YES;
				CLANG_WARN_BLOCK_CAPTURE_AUTORELEASING = YES;
				CLANG_WARN_BOOL_CONVERSION = YES;
				CLANG_WARN_COMMA = YES;
				CLANG_WARN_CONSTANT_CONVERSION = YES;
				CLANG_WARN_DEPRECATED_OBJC_IMPLEMENTATIONS = YES;
				CLANG_WARN_DIRECT_OBJC_ISA_USAGE = YES_ERROR;
				CLANG_WARN_DOCUMENTATION_COMMENTS = YES;
				CLANG_WARN_EMPTY_BODY = YES;
				CLANG_WARN_ENUM_CONVERSION = YES;
				CLANG_WARN_INFINITE_RECURSION = YES;
				CLANG_WARN_INT_CONVERSION = YES;
				CLANG_WARN_NON_LITERAL_NULL_CONVERSION = YES;
				CLANG_WARN_OBJC_IMPLICIT_RETAIN_SELF = YES;
				CLANG_WARN_OBJC_LITERAL_CONVERSION = YES;
				CLANG_WARN_OBJC_ROOT_CLASS = YES_ERROR;
				CLANG_WARN_RANGE_LOOP_ANALYSIS = YES;
				CLANG_WARN_STRICT_PROTOTYPES = YES;
				CLANG_WARN_SUSPICIOUS_MOVE = YES;
				CLANG_WARN_UNGUARDED_AVAILABILITY = YES_AGGRESSIVE;
				CLANG_WARN_UNREACHABLE_CODE = YES;
				CLANG_WARN__DUPLICATE_METHOD_MATCH = YES;
				COPY_PHASE_STRIP = NO;
				DEBUG_INFORMATION_FORMAT = "dwarf-with-dsym";
				ENABLE_NS_ASSERTIONS = NO;
				ENABLE_STRICT_OBJC_MSGSEND = YES;
				GCC_C_LANGUAGE_STANDARD = gnu11;
				GCC_NO_COMMON_BLOCKS = YES;
				GCC_WARN_64_TO_32_BIT_CONVERSION = YES;
				GCC_WARN_ABOUT_RETURN_TYPE = YES_ERROR;
				GCC_WARN_UNDECLARED_SELECTOR = YES;
				GCC_WARN_UNINITIALIZED_AUTOS = YES_AGGRESSIVE;
				GCC_WARN_UNUSED_FUNCTION = YES;
				GCC_WARN_UNUSED_VARIABLE = YES;
				IPHONEOS_DEPLOYMENT_TARGET = 13.1;
				MTL_ENABLE_DEBUG_INFO = NO;
				MTL_FAST_MATH = YES;
				SDKROOT = iphoneos;
				SWIFT_COMPILATION_MODE = wholemodule;
				SWIFT_OPTIMIZATION_LEVEL = "-O";
				VALIDATE_PRODUCT = YES;
			};
			name = Release;
		};
		4BA98B7E2362C4E9005CCE62 /* Debug */ = {
			isa = XCBuildConfiguration;
			buildSettings = {
				ASSETCATALOG_COMPILER_APPICON_NAME = AppIcon;
				CLANG_ENABLE_MODULES = YES;
				CODE_SIGN_STYLE = Automatic;
				DEVELOPMENT_TEAM = 3F685LX6UR;
				INFOPLIST_FILE = ProtocolMW/Info.plist;
				LD_RUNPATH_SEARCH_PATHS = (
					"$(inherited)",
					"@executable_path/Frameworks",
				);
				PRODUCT_BUNDLE_IDENTIFIER = com.appstore.ProtocolMW;
				PRODUCT_NAME = "$(TARGET_NAME)";
				SWIFT_OBJC_BRIDGING_HEADER = "ProtocolMW/class/ProtocolMW-Bridging-Header.h";
				SWIFT_OPTIMIZATION_LEVEL = "-Onone";
				SWIFT_VERSION = 5.0;
				TARGETED_DEVICE_FAMILY = "1,2";
			};
			name = Debug;
		};
		4BA98B7F2362C4E9005CCE62 /* Release */ = {
			isa = XCBuildConfiguration;
			buildSettings = {
				ASSETCATALOG_COMPILER_APPICON_NAME = AppIcon;
				CLANG_ENABLE_MODULES = YES;
				CODE_SIGN_STYLE = Automatic;
				DEVELOPMENT_TEAM = 3F685LX6UR;
				INFOPLIST_FILE = ProtocolMW/Info.plist;
				LD_RUNPATH_SEARCH_PATHS = (
					"$(inherited)",
					"@executable_path/Frameworks",
				);
				PRODUCT_BUNDLE_IDENTIFIER = com.appstore.ProtocolMW;
				PRODUCT_NAME = "$(TARGET_NAME)";
				SWIFT_OBJC_BRIDGING_HEADER = "ProtocolMW/class/ProtocolMW-Bridging-Header.h";
				SWIFT_VERSION = 5.0;
				TARGETED_DEVICE_FAMILY = "1,2";
			};
			name = Release;
		};
		4BA98B812362C4E9005CCE62 /* Debug */ = {
			isa = XCBuildConfiguration;
			buildSettings = {
				ALWAYS_EMBED_SWIFT_STANDARD_LIBRARIES = YES;
				BUNDLE_LOADER = "$(TEST_HOST)";
				CODE_SIGN_STYLE = Automatic;
				DEVELOPMENT_TEAM = 3F685LX6UR;
				INFOPLIST_FILE = ProtocolMWTests/Info.plist;
				IPHONEOS_DEPLOYMENT_TARGET = 13.1;
				LD_RUNPATH_SEARCH_PATHS = (
					"$(inherited)",
					"@executable_path/Frameworks",
					"@loader_path/Frameworks",
				);
				PRODUCT_BUNDLE_IDENTIFIER = com.appstore.ProtocolMWTests;
				PRODUCT_NAME = "$(TARGET_NAME)";
				SWIFT_VERSION = 5.0;
				TARGETED_DEVICE_FAMILY = "1,2";
				TEST_HOST = "$(BUILT_PRODUCTS_DIR)/ProtocolMW.app/ProtocolMW";
			};
			name = Debug;
		};
		4BA98B822362C4E9005CCE62 /* Release */ = {
			isa = XCBuildConfiguration;
			buildSettings = {
				ALWAYS_EMBED_SWIFT_STANDARD_LIBRARIES = YES;
				BUNDLE_LOADER = "$(TEST_HOST)";
				CODE_SIGN_STYLE = Automatic;
				DEVELOPMENT_TEAM = 3F685LX6UR;
				INFOPLIST_FILE = ProtocolMWTests/Info.plist;
				IPHONEOS_DEPLOYMENT_TARGET = 13.1;
				LD_RUNPATH_SEARCH_PATHS = (
					"$(inherited)",
					"@executable_path/Frameworks",
					"@loader_path/Frameworks",
				);
				PRODUCT_BUNDLE_IDENTIFIER = com.appstore.ProtocolMWTests;
				PRODUCT_NAME = "$(TARGET_NAME)";
				SWIFT_VERSION = 5.0;
				TARGETED_DEVICE_FAMILY = "1,2";
				TEST_HOST = "$(BUILT_PRODUCTS_DIR)/ProtocolMW.app/ProtocolMW";
			};
			name = Release;
		};
		4BA98B842362C4E9005CCE62 /* Debug */ = {
			isa = XCBuildConfiguration;
			buildSettings = {
				ALWAYS_EMBED_SWIFT_STANDARD_LIBRARIES = YES;
				CODE_SIGN_STYLE = Automatic;
				DEVELOPMENT_TEAM = 3F685LX6UR;
				INFOPLIST_FILE = ProtocolMWUITests/Info.plist;
				LD_RUNPATH_SEARCH_PATHS = (
					"$(inherited)",
					"@executable_path/Frameworks",
					"@loader_path/Frameworks",
				);
				PRODUCT_BUNDLE_IDENTIFIER = com.appstore.ProtocolMWUITests;
				PRODUCT_NAME = "$(TARGET_NAME)";
				SWIFT_VERSION = 5.0;
				TARGETED_DEVICE_FAMILY = "1,2";
				TEST_TARGET_NAME = ProtocolMW;
			};
			name = Debug;
		};
		4BA98B852362C4E9005CCE62 /* Release */ = {
			isa = XCBuildConfiguration;
			buildSettings = {
				ALWAYS_EMBED_SWIFT_STANDARD_LIBRARIES = YES;
				CODE_SIGN_STYLE = Automatic;
				DEVELOPMENT_TEAM = 3F685LX6UR;
				INFOPLIST_FILE = ProtocolMWUITests/Info.plist;
				LD_RUNPATH_SEARCH_PATHS = (
					"$(inherited)",
					"@executable_path/Frameworks",
					"@loader_path/Frameworks",
				);
				PRODUCT_BUNDLE_IDENTIFIER = com.appstore.ProtocolMWUITests;
				PRODUCT_NAME = "$(TARGET_NAME)";
				SWIFT_VERSION = 5.0;
				TARGETED_DEVICE_FAMILY = "1,2";
				TEST_TARGET_NAME = ProtocolMW;
			};
			name = Release;
		};
/* End XCBuildConfiguration section */

/* Begin XCConfigurationList section */
		4BA98B4E2362C4E8005CCE62 /* Build configuration list for PBXProject "ProtocolMW" */ = {
			isa = XCConfigurationList;
			buildConfigurations = (
				4BA98B7B2362C4E9005CCE62 /* Debug */,
				4BA98B7C2362C4E9005CCE62 /* Release */,
			);
			defaultConfigurationIsVisible = 0;
			defaultConfigurationName = Release;
		};
		4BA98B7D2362C4E9005CCE62 /* Build configuration list for PBXNativeTarget "ProtocolMW" */ = {
			isa = XCConfigurationList;
			buildConfigurations = (
				4BA98B7E2362C4E9005CCE62 /* Debug */,
				4BA98B7F2362C4E9005CCE62 /* Release */,
			);
			defaultConfigurationIsVisible = 0;
			defaultConfigurationName = Release;
		};
		4BA98B802362C4E9005CCE62 /* Build configuration list for PBXNativeTarget "ProtocolMWTests" */ = {
			isa = XCConfigurationList;
			buildConfigurations = (
				4BA98B812362C4E9005CCE62 /* Debug */,
				4BA98B822362C4E9005CCE62 /* Release */,
			);
			defaultConfigurationIsVisible = 0;
			defaultConfigurationName = Release;
		};
		4BA98B832362C4E9005CCE62 /* Build configuration list for PBXNativeTarget "ProtocolMWUITests" */ = {
			isa = XCConfigurationList;
			buildConfigurations = (
				4BA98B842362C4E9005CCE62 /* Debug */,
				4BA98B852362C4E9005CCE62 /* Release */,
			);
			defaultConfigurationIsVisible = 0;
			defaultConfigurationName = Release;
		};
/* End XCConfigurationList section */
	};
	rootObject = 4BA98B4B2362C4E8005CCE62 /* Project object */;
}
